{
  "version": 4,
  "terraform_version": "0.14.5",
  "serial": 44,
  "lineage": "f6bc2bed-d424-e3be-f8fb-7f9b4435e766",
  "outputs": {},
  "resources": [
    {
      "mode": "data",
      "type": "digitalocean_domain",
      "name": "dev",
      "provider": "provider[\"registry.terraform.io/digitalocean/digitalocean\"]",
      "instances": [
        {
          "schema_version": 0,
          "attributes": {
            "id": "sandevtopper.live",
            "name": "sandevtopper.live",
            "ttl": 1800,
            "urn": "do:domain:sandevtopper.live",
            "zone_file": "$ORIGIN sandevtopper.live.\n$TTL 1800\nsandevtopper.live. IN SOA ns1.digitalocean.com. hostmaster.sandevtopper.live. 1613643367 10800 3600 604800 1800\nsandevtopper.live. 1800 IN NS ns1.digitalocean.com.\nsandevtopper.live. 1800 IN NS ns2.digitalocean.com.\nsandevtopper.live. 1800 IN NS ns3.digitalocean.com.\nsandevtopper.live. 3600 IN A 143.198.248.78\n"
          },
          "sensitive_attributes": []
        }
      ]
    },
    {
      "mode": "managed",
      "type": "digitalocean_certificate",
      "name": "dev",
      "provider": "provider[\"registry.terraform.io/digitalocean/digitalocean\"]",
      "instances": [
        {
          "schema_version": 1,
          "attributes": {
            "certificate_chain": null,
            "domains": [
              "sandevtopper.live"
            ],
            "id": "devtoppers-certificate",
            "leaf_certificate": null,
            "name": "devtoppers-certificate",
            "not_after": "2021-05-19T08:55:12Z",
            "private_key": null,
            "sha1_fingerprint": "1b5745082ad1080de64dfe697ecb4cb38cc46a1d",
            "state": "verified",
            "type": "lets_encrypt",
            "uuid": "f8c60f9a-8efc-467b-bd37-d9fc35efccc5"
          },
          "sensitive_attributes": [],
          "private": "eyJzY2hlbWFfdmVyc2lvbiI6IjEifQ==",
          "create_before_destroy": true
        }
      ]
    },
    {
      "mode": "managed",
      "type": "digitalocean_database_cluster",
      "name": "postgres-cluster",
      "provider": "provider[\"registry.terraform.io/digitalocean/digitalocean\"]",
      "instances": [
        {
          "schema_version": 0,
          "attributes": {
            "database": "defaultdb",
            "engine": "pg",
            "eviction_policy": null,
            "host": "devtoppers-database-cluster-do-user-8639824-0.b.db.ondigitalocean.com",
            "id": "0bf3110a-ef41-48f4-ba3c-a6831e46a693",
            "maintenance_window": [],
            "name": "devtoppers-database-cluster",
            "node_count": 1,
            "password": "akfa4e9pyc0saqr6",
            "port": 25060,
            "private_host": "private-devtoppers-database-cluster-do-user-8639824-0.b.db.ondigitalocean.com",
            "private_network_uuid": "f374d4ac-2a77-41ab-bc4c-c1a8fbabd06f",
            "private_uri": "postgresql://doadmin:akfa4e9pyc0saqr6@private-devtoppers-database-cluster-do-user-8639824-0.b.db.ondigitalocean.com:25060/defaultdb?sslmode=require",
            "region": "ams3",
            "size": "db-s-1vcpu-1gb",
            "sql_mode": null,
            "tags": [],
            "uri": "postgresql://doadmin:akfa4e9pyc0saqr6@devtoppers-database-cluster-do-user-8639824-0.b.db.ondigitalocean.com:25060/defaultdb?sslmode=require",
            "urn": "do:dbaas:0bf3110a-ef41-48f4-ba3c-a6831e46a693",
            "user": "doadmin",
            "version": "11"
          },
          "sensitive_attributes": [],
          "private": "bnVsbA==",
          "dependencies": [
            "digitalocean_vpc.dev"
          ]
        }
      ]
    },
    {
      "mode": "managed",
      "type": "digitalocean_database_firewall",
      "name": "postgress-cluster-firewall",
      "provider": "provider[\"registry.terraform.io/digitalocean/digitalocean\"]",
      "instances": [
        {
          "schema_version": 0,
          "attributes": {
            "cluster_id": "0bf3110a-ef41-48f4-ba3c-a6831e46a693",
            "id": "0bf3110a-ef41-48f4-ba3c-a6831e46a693-20210218093829970600000001",
            "rule": [
              {
                "created_at": "2021-02-18T09:38:29Z",
                "type": "tag",
                "uuid": "dde44f1a-5fb2-4e93-a210-4277e053a347",
                "value": "devtoppers-webserver"
              }
            ]
          },
          "sensitive_attributes": [],
          "private": "bnVsbA==",
          "dependencies": [
            "digitalocean_database_cluster.postgres-cluster",
            "digitalocean_vpc.dev"
          ]
        }
      ]
    },
    {
      "mode": "managed",
      "type": "digitalocean_droplet",
      "name": "dev",
      "provider": "provider[\"registry.terraform.io/digitalocean/digitalocean\"]",
      "instances": [
        {
          "index_key": 0,
          "schema_version": 1,
          "attributes": {
            "backups": false,
            "created_at": "2021-02-18T10:21:15Z",
            "disk": 25,
            "id": "232369298",
            "image": "ubuntu-20-04-x64",
            "ipv4_address": "188.166.13.232",
            "ipv4_address_private": "192.168.44.8",
            "ipv6": false,
            "ipv6_address": "",
            "locked": false,
            "memory": 1024,
            "monitoring": false,
            "name": "dev-devtoppers-ams3-1",
            "price_hourly": 0.00744,
            "price_monthly": 5,
            "private_networking": true,
            "region": "ams3",
            "resize_disk": true,
            "size": "s-1vcpu-1gb",
            "ssh_keys": [
              "44:6d:81:f4:0b:b8:31:12:b1:14:72:c6:24:8b:64:5e"
            ],
            "status": "active",
            "tags": [
              "Devtoppers-webserver"
            ],
            "urn": "do:droplet:232369298",
            "user_data": null,
            "vcpus": 1,
            "volume_ids": [],
            "vpc_uuid": "f374d4ac-2a77-41ab-bc4c-c1a8fbabd06f"
          },
          "sensitive_attributes": [],
          "private": "eyJzY2hlbWFfdmVyc2lvbiI6IjEifQ==",
          "dependencies": [
            "digitalocean_vpc.dev"
          ],
          "create_before_destroy": true
        },
        {
          "index_key": 1,
          "schema_version": 1,
          "attributes": {
            "backups": false,
            "created_at": "2021-02-18T10:21:15Z",
            "disk": 25,
            "id": "232369297",
            "image": "ubuntu-20-04-x64",
            "ipv4_address": "167.99.213.125",
            "ipv4_address_private": "192.168.44.9",
            "ipv6": false,
            "ipv6_address": "",
            "locked": false,
            "memory": 1024,
            "monitoring": false,
            "name": "dev-devtoppers-ams3-2",
            "price_hourly": 0.00744,
            "price_monthly": 5,
            "private_networking": true,
            "region": "ams3",
            "resize_disk": true,
            "size": "s-1vcpu-1gb",
            "ssh_keys": [
              "44:6d:81:f4:0b:b8:31:12:b1:14:72:c6:24:8b:64:5e"
            ],
            "status": "active",
            "tags": [
              "Devtoppers-webserver"
            ],
            "urn": "do:droplet:232369297",
            "user_data": null,
            "vcpus": 1,
            "volume_ids": [],
            "vpc_uuid": "f374d4ac-2a77-41ab-bc4c-c1a8fbabd06f"
          },
          "sensitive_attributes": [],
          "private": "eyJzY2hlbWFfdmVyc2lvbiI6IjEifQ==",
          "dependencies": [
            "digitalocean_vpc.dev"
          ],
          "create_before_destroy": true
        }
      ]
    },
    {
      "mode": "managed",
      "type": "digitalocean_firewall",
      "name": "dev",
      "provider": "provider[\"registry.terraform.io/digitalocean/digitalocean\"]",
      "instances": [
        {
          "schema_version": 0,
          "attributes": {
            "created_at": "2021-02-12T05:43:22Z",
            "droplet_ids": [
              232369297,
              232369298
            ],
            "id": "d6cf4173-bfd9-4043-a8d2-98ca1c45a0db",
            "inbound_rule": [
              {
                "port_range": "",
                "protocol": "icmp",
                "source_addresses": [
                  "192.168.44.0/24"
                ],
                "source_droplet_ids": [],
                "source_load_balancer_uids": [],
                "source_tags": []
              },
              {
                "port_range": "1-65535",
                "protocol": "tcp",
                "source_addresses": [
                  "192.168.44.0/24"
                ],
                "source_droplet_ids": [],
                "source_load_balancer_uids": [],
                "source_tags": []
              },
              {
                "port_range": "1-65535",
                "protocol": "udp",
                "source_addresses": [
                  "192.168.44.0/24"
                ],
                "source_droplet_ids": [],
                "source_load_balancer_uids": [],
                "source_tags": []
              }
            ],
            "name": "dev-only-vpc-traffic",
            "outbound_rule": [
              {
                "destination_addresses": [
                  "0.0.0.0/0",
                  "::/0"
                ],
                "destination_droplet_ids": [],
                "destination_load_balancer_uids": [],
                "destination_tags": [],
                "port_range": "",
                "protocol": "icmp"
              },
              {
                "destination_addresses": [
                  "0.0.0.0/0",
                  "::/0"
                ],
                "destination_droplet_ids": [],
                "destination_load_balancer_uids": [],
                "destination_tags": [],
                "port_range": "443",
                "protocol": "tcp"
              },
              {
                "destination_addresses": [
                  "0.0.0.0/0",
                  "::/0"
                ],
                "destination_droplet_ids": [],
                "destination_load_balancer_uids": [],
                "destination_tags": [],
                "port_range": "53",
                "protocol": "udp"
              },
              {
                "destination_addresses": [
                  "0.0.0.0/0",
                  "::/0"
                ],
                "destination_droplet_ids": [],
                "destination_load_balancer_uids": [],
                "destination_tags": [],
                "port_range": "80",
                "protocol": "tcp"
              },
              {
                "destination_addresses": [
                  "192.168.44.0/24"
                ],
                "destination_droplet_ids": [],
                "destination_load_balancer_uids": [],
                "destination_tags": [],
                "port_range": "",
                "protocol": "icmp"
              },
              {
                "destination_addresses": [
                  "192.168.44.0/24"
                ],
                "destination_droplet_ids": [],
                "destination_load_balancer_uids": [],
                "destination_tags": [],
                "port_range": "1-65535",
                "protocol": "tcp"
              },
              {
                "destination_addresses": [
                  "192.168.44.0/24"
                ],
                "destination_droplet_ids": [],
                "destination_load_balancer_uids": [],
                "destination_tags": [],
                "port_range": "1-65535",
                "protocol": "udp"
              }
            ],
            "pending_changes": [],
            "status": "succeeded",
            "tags": []
          },
          "sensitive_attributes": [],
          "private": "bnVsbA==",
          "dependencies": [
            "digitalocean_droplet.dev",
            "digitalocean_vpc.dev"
          ]
        }
      ]
    },
    {
      "mode": "managed",
      "type": "digitalocean_loadbalancer",
      "name": "dev",
      "provider": "provider[\"registry.terraform.io/digitalocean/digitalocean\"]",
      "instances": [
        {
          "schema_version": 1,
          "attributes": {
            "algorithm": "round_robin",
            "droplet_ids": [
              232369297,
              232369298
            ],
            "droplet_tag": "",
            "enable_backend_keepalive": false,
            "enable_proxy_protocol": false,
            "forwarding_rule": [
              {
                "certificate_id": "devtoppers-certificate",
                "certificate_name": "devtoppers-certificate",
                "entry_port": 443,
                "entry_protocol": "https",
                "target_port": 80,
                "target_protocol": "http",
                "tls_passthrough": false
              },
              {
                "certificate_id": "devtoppers-certificate",
                "certificate_name": "devtoppers-certificate",
                "entry_port": 80,
                "entry_protocol": "http",
                "target_port": 80,
                "target_protocol": "http",
                "tls_passthrough": false
              }
            ],
            "healthcheck": [
              {
                "check_interval_seconds": 10,
                "healthy_threshold": 5,
                "path": "/",
                "port": 80,
                "protocol": "http",
                "response_timeout_seconds": 5,
                "unhealthy_threshold": 3
              }
            ],
            "id": "83f0b336-2ed5-4765-9a65-3a75780b2bf9",
            "ip": "143.198.248.78",
            "name": "dev-ams3",
            "redirect_http_to_https": true,
            "region": "ams3",
            "size": "lb-small",
            "status": "active",
            "sticky_sessions": [
              {
                "cookie_name": "",
                "cookie_ttl_seconds": 0,
                "type": "none"
              }
            ],
            "urn": "do:loadbalancer:83f0b336-2ed5-4765-9a65-3a75780b2bf9",
            "vpc_uuid": "f374d4ac-2a77-41ab-bc4c-c1a8fbabd06f"
          },
          "sensitive_attributes": [],
          "private": "eyJzY2hlbWFfdmVyc2lvbiI6IjEifQ==",
          "dependencies": [
            "digitalocean_certificate.dev",
            "digitalocean_droplet.dev",
            "digitalocean_vpc.dev"
          ],
          "create_before_destroy": true
        }
      ]
    },
    {
      "mode": "managed",
      "type": "digitalocean_vpc",
      "name": "dev",
      "provider": "provider[\"registry.terraform.io/digitalocean/digitalocean\"]",
      "instances": [
        {
          "schema_version": 0,
          "attributes": {
            "created_at": "2021-02-11 17:21:27 +0000 UTC",
            "default": false,
            "description": "",
            "id": "f374d4ac-2a77-41ab-bc4c-c1a8fbabd06f",
            "ip_range": "192.168.44.0/24",
            "name": "dev-vpc",
            "region": "ams3",
            "timeouts": null,
            "urn": "do:vpc:f374d4ac-2a77-41ab-bc4c-c1a8fbabd06f"
          },
          "sensitive_attributes": [],
          "private": "eyJlMmJmYjczMC1lY2FhLTExZTYtOGY4OC0zNDM2M2JjN2M0YzAiOnsiZGVsZXRlIjoxMjAwMDAwMDAwMDB9fQ==",
          "create_before_destroy": true
        }
      ]
    }
  ]
}
