{
  "version": 4,
  "terraform_version": "0.14.5",
  "serial": 8,
  "lineage": "9141c4c5-32c6-9d22-0f51-497254fd1edb",
  "outputs": {},
  "resources": [
    {
      "mode": "managed",
      "type": "digitalocean_droplet",
      "name": "web2",
      "provider": "provider[\"registry.terraform.io/digitalocean/digitalocean\"]",
      "instances": [
        {
          "schema_version": 1,
          "attributes": {
            "backups": false,
            "created_at": "2021-02-03T13:20:05Z",
            "disk": 25,
            "id": "229797628",
            "image": "ubuntu-16-04-x64",
            "ipv4_address": "157.230.16.46",
            "ipv4_address_private": "10.114.0.4",
            "ipv6": false,
            "ipv6_address": "",
            "locked": false,
            "memory": 1024,
            "monitoring": false,
            "name": "web2",
            "price_hourly": 0.00744,
            "price_monthly": 5,
            "private_networking": true,
            "region": "fra1",
            "resize_disk": true,
            "size": "s-1vcpu-1gb",
            "ssh_keys": [
              "44:6d:81:f4:0b:b8:31:12:b1:14:72:c6:24:8b:64:5e"
            ],
            "status": "active",
            "tags": [],
            "urn": "do:droplet:229797628",
            "user_data": null,
            "vcpus": 1,
            "volume_ids": [],
            "vpc_uuid": "07a309b2-c5dd-46e9-878b-290f1aa3ec00"
          },
          "sensitive_attributes": [],
          "private": "eyJzY2hlbWFfdmVyc2lvbiI6IjEifQ=="
        }
      ]
    }
  ]
}
